
Microsoft Visual Studio Solution File, Format Version 12.00
# Visual Studio Version 17
VisualStudioVersion = 17.2.32519.379
MinimumVisualStudioVersion = 10.0.40219.1
Project("{9A19103F-16F7-4668-BE54-9A1E7A4F7556}") = "ALX Course", "ALX Course\ALX Course.csproj", "{4861F33A-5EFD-430B-B085-79624F280994}"
EndProject
Project("{9A19103F-16F7-4668-BE54-9A1E7A4F7556}") = "ALXCalculator", "ALXCalculator\ALXCalculator.csproj", "{23800D84-6D44-450C-9AC6-04114156AFA9}"
EndProject
Project("{9A19103F-16F7-4668-BE54-9A1E7A4F7556}") = "ALXCourseHomework", "ALXCourseHomework\ALXCourseHomework.csproj", "{C83B71FA-D4EE-4897-929C-E1CBD0E65138}"
EndProject
Project("{9A19103F-16F7-4668-BE54-9A1E7A4F7556}") = "CommonFunctionalities", "Class1\CommonFunctionalities.csproj", "{92542F44-AB27-4C7F-B1B2-2BD5CBED276E}"
EndProject
Project("{FAE04EC0-301F-11D3-BF4B-00C04F79EFBC}") = "ShootingRange", "ShootingRange\ShootingRange.csproj", "{50DCA460-A728-454E-9014-4902C9DEBFD6}"
EndProject
Global
	GlobalSection(SolutionConfigurationPlatforms) = preSolution
		Debug|Any CPU = Debug|Any CPU
		Release|Any CPU = Release|Any CPU
	EndGlobalSection
	GlobalSection(ProjectConfigurationPlatforms) = postSolution
		{4861F33A-5EFD-430B-B085-79624F280994}.Debug|Any CPU.ActiveCfg = Debug|Any CPU
		{4861F33A-5EFD-430B-B085-79624F280994}.Debug|Any CPU.Build.0 = Debug|Any CPU
		{4861F33A-5EFD-430B-B085-79624F280994}.Release|Any CPU.ActiveCfg = Release|Any CPU
		{4861F33A-5EFD-430B-B085-79624F280994}.Release|Any CPU.Build.0 = Release|Any CPU
		{23800D84-6D44-450C-9AC6-04114156AFA9}.Debug|Any CPU.ActiveCfg = Debug|Any CPU
		{23800D84-6D44-450C-9AC6-04114156AFA9}.Debug|Any CPU.Build.0 = Debug|Any CPU
		{23800D84-6D44-450C-9AC6-04114156AFA9}.Release|Any CPU.ActiveCfg = Release|Any CPU
		{23800D84-6D44-450C-9AC6-04114156AFA9}.Release|Any CPU.Build.0 = Release|Any CPU
		{C83B71FA-D4EE-4897-929C-E1CBD0E65138}.Debug|Any CPU.ActiveCfg = Debug|Any CPU
		{C83B71FA-D4EE-4897-929C-E1CBD0E65138}.Debug|Any CPU.Build.0 = Debug|Any CPU
		{C83B71FA-D4EE-4897-929C-E1CBD0E65138}.Release|Any CPU.ActiveCfg = Release|Any CPU
		{C83B71FA-D4EE-4897-929C-E1CBD0E65138}.Release|Any CPU.Build.0 = Release|Any CPU
		{92542F44-AB27-4C7F-B1B2-2BD5CBED276E}.Debug|Any CPU.ActiveCfg = Debug|Any CPU
		{92542F44-AB27-4C7F-B1B2-2BD5CBED276E}.Debug|Any CPU.Build.0 = Debug|Any CPU
		{92542F44-AB27-4C7F-B1B2-2BD5CBED276E}.Release|Any CPU.ActiveCfg = Release|Any CPU
		{92542F44-AB27-4C7F-B1B2-2BD5CBED276E}.Release|Any CPU.Build.0 = Release|Any CPU
		{50DCA460-A728-454E-9014-4902C9DEBFD6}.Debug|Any CPU.ActiveCfg = Debug|Any CPU
		{50DCA460-A728-454E-9014-4902C9DEBFD6}.Debug|Any CPU.Build.0 = Debug|Any CPU
		{50DCA460-A728-454E-9014-4902C9DEBFD6}.Release|Any CPU.ActiveCfg = Release|Any CPU
		{50DCA460-A728-454E-9014-4902C9DEBFD6}.Release|Any CPU.Build.0 = Release|Any CPU
	EndGlobalSection
	GlobalSection(SolutionProperties) = preSolution
		HideSolutionNode = FALSE
	EndGlobalSection
	GlobalSection(ExtensibilityGlobals) = postSolution
		SolutionGuid = {8741D15C-D9AE-47BF-8ED4-8B50C87CA9B6}
	EndGlobalSection
EndGlobal
