
Microsoft Visual Studio Solution File, Format Version 12.00
# Visual Studio Version 17
VisualStudioVersion = 17.2.32519.379
MinimumVisualStudioVersion = 10.0.40219.1
Project("{9A19103F-16F7-4668-BE54-9A1E7A4F7556}") = "ALX Course", "ALX Course\ALX Course.csproj", "{4861F33A-5EFD-430B-B085-79624F280994}"
EndProject
Project("{9A19103F-16F7-4668-BE54-9A1E7A4F7556}") = "ALXCalculator", "ALXCalculator\ALXCalculator.csproj", "{23800D84-6D44-450C-9AC6-04114156AFA9}"
EndProject
Project("{9A19103F-16F7-4668-BE54-9A1E7A4F7556}") = "ALXCourseHomework", "ALXCourseHomework\ALXCourseHomework.csproj", "{C83B71FA-D4EE-4897-929C-E1CBD0E65138}"
EndProject
Project("{9A19103F-16F7-4668-BE54-9A1E7A4F7556}") = "CommonFunctionalities", "Class1\CommonFunctionalities.csproj", "{92542F44-AB27-4C7F-B1B2-2BD5CBED276E}"
EndProject
Project("{9A19103F-16F7-4668-BE54-9A1E7A4F7556}") = "ShootingRange", "ShootingRange\ShootingRange.csproj", "{50DCA460-A728-454E-9014-4902C9DEBFD6}"
EndProject
Project("{9A19103F-16F7-4668-BE54-9A1E7A4F7556}") = "ShopApp", "ConsoleApp1\ShopApp.csproj", "{56F4A992-62C0-4671-B03A-F6E8B5380DE6}"
EndProject
Project("{2150E333-8FDC-42A3-9474-1A3956D46DE8}") = "HardcodedApp", "HardcodedApp", "{48C3C06C-6286-4A23-BF23-3BDFA569EFED}"
EndProject
Project("{9A19103F-16F7-4668-BE54-9A1E7A4F7556}") = "HardcodedApp", "FormApp\HardcodedApp.csproj", "{D6E86795-B901-4431-A5C8-5DDE5C0271D9}"
EndProject
Project("{2150E333-8FDC-42A3-9474-1A3956D46DE8}") = "FormApp", "FormApp", "{33FF38CC-E228-45F3-BBDC-1B4BCEA61CAD}"
EndProject
Project("{9A19103F-16F7-4668-BE54-9A1E7A4F7556}") = "CourseFormApp", "CourseFormApp\CourseFormApp.csproj", "{66681C14-75E4-48B6-8C73-DB3E2119663C}"
EndProject
Project("{2150E333-8FDC-42A3-9474-1A3956D46DE8}") = "Assignments", "Assignments", "{D374C8B8-4A23-474F-9769-1B0A3E46235D}"
EndProject
Project("{9A19103F-16F7-4668-BE54-9A1E7A4F7556}") = "MovingButton", "MovingButton\MovingButton.csproj", "{CE9B8551-1BCD-443C-ADBD-78082A25C10C}"
EndProject
Project("{9A19103F-16F7-4668-BE54-9A1E7A4F7556}") = "CalculatorForm", "CalculatorForm\CalculatorForm.csproj", "{B3418D86-41EC-4FD0-9AD9-0AD1CAF1E7F2}"
EndProject
Project("{2150E333-8FDC-42A3-9474-1A3956D46DE8}") = "ConsoleApps", "ConsoleApps", "{274326E8-9CB0-4075-A2E3-4D402FB2A028}"
EndProject
Project("{9A19103F-16F7-4668-BE54-9A1E7A4F7556}") = "CalculatorConsole", "CalculatorConsole\CalculatorConsole.csproj", "{C5C011E1-7432-4FCC-B56E-AC2BAEB13D78}"
EndProject
Project("{FAE04EC0-301F-11D3-BF4B-00C04F79EFBC}") = "LottoApp", "LottoApp\LottoApp.csproj", "{1264895B-4B3D-4089-AAEA-BD57D462B610}"
EndProject
Global
	GlobalSection(SolutionConfigurationPlatforms) = preSolution
		Debug|Any CPU = Debug|Any CPU
		Release|Any CPU = Release|Any CPU
	EndGlobalSection
	GlobalSection(ProjectConfigurationPlatforms) = postSolution
		{4861F33A-5EFD-430B-B085-79624F280994}.Debug|Any CPU.ActiveCfg = Debug|Any CPU
		{4861F33A-5EFD-430B-B085-79624F280994}.Debug|Any CPU.Build.0 = Debug|Any CPU
		{4861F33A-5EFD-430B-B085-79624F280994}.Release|Any CPU.ActiveCfg = Release|Any CPU
		{4861F33A-5EFD-430B-B085-79624F280994}.Release|Any CPU.Build.0 = Release|Any CPU
		{23800D84-6D44-450C-9AC6-04114156AFA9}.Debug|Any CPU.ActiveCfg = Debug|Any CPU
		{23800D84-6D44-450C-9AC6-04114156AFA9}.Debug|Any CPU.Build.0 = Debug|Any CPU
		{23800D84-6D44-450C-9AC6-04114156AFA9}.Release|Any CPU.ActiveCfg = Release|Any CPU
		{23800D84-6D44-450C-9AC6-04114156AFA9}.Release|Any CPU.Build.0 = Release|Any CPU
		{C83B71FA-D4EE-4897-929C-E1CBD0E65138}.Debug|Any CPU.ActiveCfg = Debug|Any CPU
		{C83B71FA-D4EE-4897-929C-E1CBD0E65138}.Debug|Any CPU.Build.0 = Debug|Any CPU
		{C83B71FA-D4EE-4897-929C-E1CBD0E65138}.Release|Any CPU.ActiveCfg = Release|Any CPU
		{C83B71FA-D4EE-4897-929C-E1CBD0E65138}.Release|Any CPU.Build.0 = Release|Any CPU
		{92542F44-AB27-4C7F-B1B2-2BD5CBED276E}.Debug|Any CPU.ActiveCfg = Debug|Any CPU
		{92542F44-AB27-4C7F-B1B2-2BD5CBED276E}.Debug|Any CPU.Build.0 = Debug|Any CPU
		{92542F44-AB27-4C7F-B1B2-2BD5CBED276E}.Release|Any CPU.ActiveCfg = Release|Any CPU
		{92542F44-AB27-4C7F-B1B2-2BD5CBED276E}.Release|Any CPU.Build.0 = Release|Any CPU
		{50DCA460-A728-454E-9014-4902C9DEBFD6}.Debug|Any CPU.ActiveCfg = Debug|Any CPU
		{50DCA460-A728-454E-9014-4902C9DEBFD6}.Debug|Any CPU.Build.0 = Debug|Any CPU
		{50DCA460-A728-454E-9014-4902C9DEBFD6}.Release|Any CPU.ActiveCfg = Release|Any CPU
		{50DCA460-A728-454E-9014-4902C9DEBFD6}.Release|Any CPU.Build.0 = Release|Any CPU
		{56F4A992-62C0-4671-B03A-F6E8B5380DE6}.Debug|Any CPU.ActiveCfg = Debug|Any CPU
		{56F4A992-62C0-4671-B03A-F6E8B5380DE6}.Debug|Any CPU.Build.0 = Debug|Any CPU
		{56F4A992-62C0-4671-B03A-F6E8B5380DE6}.Release|Any CPU.ActiveCfg = Release|Any CPU
		{56F4A992-62C0-4671-B03A-F6E8B5380DE6}.Release|Any CPU.Build.0 = Release|Any CPU
		{D6E86795-B901-4431-A5C8-5DDE5C0271D9}.Debug|Any CPU.ActiveCfg = Debug|Any CPU
		{D6E86795-B901-4431-A5C8-5DDE5C0271D9}.Debug|Any CPU.Build.0 = Debug|Any CPU
		{D6E86795-B901-4431-A5C8-5DDE5C0271D9}.Release|Any CPU.ActiveCfg = Release|Any CPU
		{D6E86795-B901-4431-A5C8-5DDE5C0271D9}.Release|Any CPU.Build.0 = Release|Any CPU
		{66681C14-75E4-48B6-8C73-DB3E2119663C}.Debug|Any CPU.ActiveCfg = Debug|Any CPU
		{66681C14-75E4-48B6-8C73-DB3E2119663C}.Debug|Any CPU.Build.0 = Debug|Any CPU
		{66681C14-75E4-48B6-8C73-DB3E2119663C}.Release|Any CPU.ActiveCfg = Release|Any CPU
		{66681C14-75E4-48B6-8C73-DB3E2119663C}.Release|Any CPU.Build.0 = Release|Any CPU
		{CE9B8551-1BCD-443C-ADBD-78082A25C10C}.Debug|Any CPU.ActiveCfg = Debug|Any CPU
		{CE9B8551-1BCD-443C-ADBD-78082A25C10C}.Debug|Any CPU.Build.0 = Debug|Any CPU
		{CE9B8551-1BCD-443C-ADBD-78082A25C10C}.Release|Any CPU.ActiveCfg = Release|Any CPU
		{CE9B8551-1BCD-443C-ADBD-78082A25C10C}.Release|Any CPU.Build.0 = Release|Any CPU
		{B3418D86-41EC-4FD0-9AD9-0AD1CAF1E7F2}.Debug|Any CPU.ActiveCfg = Debug|Any CPU
		{B3418D86-41EC-4FD0-9AD9-0AD1CAF1E7F2}.Debug|Any CPU.Build.0 = Debug|Any CPU
		{B3418D86-41EC-4FD0-9AD9-0AD1CAF1E7F2}.Release|Any CPU.ActiveCfg = Release|Any CPU
		{B3418D86-41EC-4FD0-9AD9-0AD1CAF1E7F2}.Release|Any CPU.Build.0 = Release|Any CPU
		{C5C011E1-7432-4FCC-B56E-AC2BAEB13D78}.Debug|Any CPU.ActiveCfg = Debug|Any CPU
		{C5C011E1-7432-4FCC-B56E-AC2BAEB13D78}.Debug|Any CPU.Build.0 = Debug|Any CPU
		{C5C011E1-7432-4FCC-B56E-AC2BAEB13D78}.Release|Any CPU.ActiveCfg = Release|Any CPU
		{C5C011E1-7432-4FCC-B56E-AC2BAEB13D78}.Release|Any CPU.Build.0 = Release|Any CPU
		{1264895B-4B3D-4089-AAEA-BD57D462B610}.Debug|Any CPU.ActiveCfg = Debug|Any CPU
		{1264895B-4B3D-4089-AAEA-BD57D462B610}.Debug|Any CPU.Build.0 = Debug|Any CPU
		{1264895B-4B3D-4089-AAEA-BD57D462B610}.Release|Any CPU.ActiveCfg = Release|Any CPU
		{1264895B-4B3D-4089-AAEA-BD57D462B610}.Release|Any CPU.Build.0 = Release|Any CPU
	EndGlobalSection
	GlobalSection(SolutionProperties) = preSolution
		HideSolutionNode = FALSE
	EndGlobalSection
	GlobalSection(NestedProjects) = preSolution
		{4861F33A-5EFD-430B-B085-79624F280994} = {274326E8-9CB0-4075-A2E3-4D402FB2A028}
		{23800D84-6D44-450C-9AC6-04114156AFA9} = {274326E8-9CB0-4075-A2E3-4D402FB2A028}
		{C83B71FA-D4EE-4897-929C-E1CBD0E65138} = {274326E8-9CB0-4075-A2E3-4D402FB2A028}
		{50DCA460-A728-454E-9014-4902C9DEBFD6} = {274326E8-9CB0-4075-A2E3-4D402FB2A028}
		{56F4A992-62C0-4671-B03A-F6E8B5380DE6} = {274326E8-9CB0-4075-A2E3-4D402FB2A028}
		{D6E86795-B901-4431-A5C8-5DDE5C0271D9} = {48C3C06C-6286-4A23-BF23-3BDFA569EFED}
		{66681C14-75E4-48B6-8C73-DB3E2119663C} = {33FF38CC-E228-45F3-BBDC-1B4BCEA61CAD}
		{CE9B8551-1BCD-443C-ADBD-78082A25C10C} = {D374C8B8-4A23-474F-9769-1B0A3E46235D}
		{B3418D86-41EC-4FD0-9AD9-0AD1CAF1E7F2} = {33FF38CC-E228-45F3-BBDC-1B4BCEA61CAD}
		{C5C011E1-7432-4FCC-B56E-AC2BAEB13D78} = {274326E8-9CB0-4075-A2E3-4D402FB2A028}
		{1264895B-4B3D-4089-AAEA-BD57D462B610} = {33FF38CC-E228-45F3-BBDC-1B4BCEA61CAD}
	EndGlobalSection
	GlobalSection(ExtensibilityGlobals) = postSolution
		SolutionGuid = {8741D15C-D9AE-47BF-8ED4-8B50C87CA9B6}
	EndGlobalSection
EndGlobal
